// !$*UTF8*$!
{
	archiveVersion = 1;
	classes = {
	};
	objectVersion = 56;
	objects = {

/* Begin PBXBuildFile section */
		143134432AD813710021E83A /* TensorFlowApp.swift in Sources */ = {isa = PBXBuildFile; fileRef = 143134422AD813710021E83A /* TensorFlowApp.swift */; };
		143134452AD813710021E83A /* ContentView.swift in Sources */ = {isa = PBXBuildFile; fileRef = 143134442AD813710021E83A /* ContentView.swift */; };
		143134472AD813720021E83A /* Assets.xcassets in Resources */ = {isa = PBXBuildFile; fileRef = 143134462AD813720021E83A /* Assets.xcassets */; };
		1431344A2AD813720021E83A /* Preview Assets.xcassets in Resources */ = {isa = PBXBuildFile; fileRef = 143134492AD813720021E83A /* Preview Assets.xcassets */; };
		143134572AD81B030021E83A /* TensorFlowManager.swift in Sources */ = {isa = PBXBuildFile; fileRef = 143134562AD81B030021E83A /* TensorFlowManager.swift */; };
		143134592AD81DBE0021E83A /* test.tflite in Resources */ = {isa = PBXBuildFile; fileRef = 143134582AD81DBE0021E83A /* test.tflite */; };
		1431345B2AD81E8B0021E83A /* face_landmark_media.tflite in Resources */ = {isa = PBXBuildFile; fileRef = 1431345A2AD81E8B0021E83A /* face_landmark_media.tflite */; };
		454D694A3A208CB80D7E2779 /* Pods_TensorFlow.framework in Frameworks */ = {isa = PBXBuildFile; fileRef = 40BFB7D57C324E8052497808 /* Pods_TensorFlow.framework */; };
/* End PBXBuildFile section */

/* Begin PBXFileReference section */
		11259898EA505BAF9FDB4AD9 /* Pods-TensorFlow.release.xcconfig */ = {isa = PBXFileReference; includeInIndex = 1; lastKnownFileType = text.xcconfig; name = "Pods-TensorFlow.release.xcconfig"; path = "Target Support Files/Pods-TensorFlow/Pods-TensorFlow.release.xcconfig"; sourceTree = "<group>"; };
		1431343F2AD813710021E83A /* TensorFlow.app */ = {isa = PBXFileReference; explicitFileType = wrapper.application; includeInIndex = 0; path = TensorFlow.app; sourceTree = BUILT_PRODUCTS_DIR; };
		143134422AD813710021E83A /* TensorFlowApp.swift */ = {isa = PBXFileReference; lastKnownFileType = sourcecode.swift; path = TensorFlowApp.swift; sourceTree = "<group>"; };
		143134442AD813710021E83A /* ContentView.swift */ = {isa = PBXFileReference; lastKnownFileType = sourcecode.swift; path = ContentView.swift; sourceTree = "<group>"; };
		143134462AD813720021E83A /* Assets.xcassets */ = {isa = PBXFileReference; lastKnownFileType = folder.assetcatalog; path = Assets.xcassets; sourceTree = "<group>"; };
		143134492AD813720021E83A /* Preview Assets.xcassets */ = {isa = PBXFileReference; lastKnownFileType = folder.assetcatalog; path = "Preview Assets.xcassets"; sourceTree = "<group>"; };
		143134562AD81B030021E83A /* TensorFlowManager.swift */ = {isa = PBXFileReference; lastKnownFileType = sourcecode.swift; path = TensorFlowManager.swift; sourceTree = "<group>"; };
		143134582AD81DBE0021E83A /* test.tflite */ = {isa = PBXFileReference; lastKnownFileType = file; path = test.tflite; sourceTree = "<group>"; };
		1431345A2AD81E8B0021E83A /* face_landmark_media.tflite */ = {isa = PBXFileReference; lastKnownFileType = file; path = face_landmark_media.tflite; sourceTree = "<group>"; };
		40BFB7D57C324E8052497808 /* Pods_TensorFlow.framework */ = {isa = PBXFileReference; explicitFileType = wrapper.framework; includeInIndex = 0; path = Pods_TensorFlow.framework; sourceTree = BUILT_PRODUCTS_DIR; };
		5770CAA35454DE1365C2B070 /* Pods-TensorFlow.debug.xcconfig */ = {isa = PBXFileReference; includeInIndex = 1; lastKnownFileType = text.xcconfig; name = "Pods-TensorFlow.debug.xcconfig"; path = "Target Support Files/Pods-TensorFlow/Pods-TensorFlow.debug.xcconfig"; sourceTree = "<group>"; };
/* End PBXFileReference section */

/* Begin PBXFrameworksBuildPhase section */
		1431343C2AD813710021E83A /* Frameworks */ = {
			isa = PBXFrameworksBuildPhase;
			buildActionMask = 2147483647;
			files = (
				454D694A3A208CB80D7E2779 /* Pods_TensorFlow.framework in Frameworks */,
			);
			runOnlyForDeploymentPostprocessing = 0;
		};
/* End PBXFrameworksBuildPhase section */

/* Begin PBXGroup section */
		143134362AD813710021E83A = {
			isa = PBXGroup;
			children = (
				1431345A2AD81E8B0021E83A /* face_landmark_media.tflite */,
				143134582AD81DBE0021E83A /* test.tflite */,
				143134412AD813710021E83A /* TensorFlow */,
				143134402AD813710021E83A /* Products */,
				CEB949BCFECB8239A2EB50D3 /* Pods */,
				C507AD2E28053C8CA55529CD /* Frameworks */,
			);
			sourceTree = "<group>";
		};
		143134402AD813710021E83A /* Products */ = {
			isa = PBXGroup;
			children = (
				1431343F2AD813710021E83A /* TensorFlow.app */,
			);
			name = Products;
			sourceTree = "<group>";
		};
		143134412AD813710021E83A /* TensorFlow */ = {
			isa = PBXGroup;
			children = (
				143134422AD813710021E83A /* TensorFlowApp.swift */,
				143134442AD813710021E83A /* ContentView.swift */,
				143134462AD813720021E83A /* Assets.xcassets */,
				143134482AD813720021E83A /* Preview Content */,
				143134562AD81B030021E83A /* TensorFlowManager.swift */,
			);
			path = TensorFlow;
			sourceTree = "<group>";
		};
		143134482AD813720021E83A /* Preview Content */ = {
			isa = PBXGroup;
			children = (
				143134492AD813720021E83A /* Preview Assets.xcassets */,
			);
			path = "Preview Content";
			sourceTree = "<group>";
		};
		C507AD2E28053C8CA55529CD /* Frameworks */ = {
			isa = PBXGroup;
			children = (
				40BFB7D57C324E8052497808 /* Pods_TensorFlow.framework */,
			);
			name = Frameworks;
			sourceTree = "<group>";
		};
		CEB949BCFECB8239A2EB50D3 /* Pods */ = {
			isa = PBXGroup;
			children = (
				5770CAA35454DE1365C2B070 /* Pods-TensorFlow.debug.xcconfig */,
				11259898EA505BAF9FDB4AD9 /* Pods-TensorFlow.release.xcconfig */,
			);
			path = Pods;
			sourceTree = "<group>";
		};
/* End PBXGroup section */

/* Begin PBXNativeTarget section */
		1431343E2AD813710021E83A /* TensorFlow */ = {
			isa = PBXNativeTarget;
			buildConfigurationList = 1431344D2AD813720021E83A /* Build configuration list for PBXNativeTarget "TensorFlow" */;
			buildPhases = (
				27C8893CA3C5365A9F3EDC95 /* [CP] Check Pods Manifest.lock */,
				1431343B2AD813710021E83A /* Sources */,
				1431343C2AD813710021E83A /* Frameworks */,
				1431343D2AD813710021E83A /* Resources */,
			);
			buildRules = (
			);
			dependencies = (
			);
			name = TensorFlow;
			productName = TensorFlow;
			productReference = 1431343F2AD813710021E83A /* TensorFlow.app */;
			productType = "com.apple.product-type.application";
		};
/* End PBXNativeTarget section */

/* Begin PBXProject section */
		143134372AD813710021E83A /* Project object */ = {
			isa = PBXProject;
			attributes = {
				BuildIndependentTargetsInParallel = 1;
				LastSwiftUpdateCheck = 1500;
				LastUpgradeCheck = 1500;
				TargetAttributes = {
					1431343E2AD813710021E83A = {
						CreatedOnToolsVersion = 15.0;
					};
				};
			};
			buildConfigurationList = 1431343A2AD813710021E83A /* Build configuration list for PBXProject "TensorFlow" */;
			compatibilityVersion = "Xcode 14.0";
			developmentRegion = en;
			hasScannedForEncodings = 0;
			knownRegions = (
				en,
				Base,
			);
			mainGroup = 143134362AD813710021E83A;
			productRefGroup = 143134402AD813710021E83A /* Products */;
			projectDirPath = "";
			projectRoot = "";
			targets = (
				1431343E2AD813710021E83A /* TensorFlow */,
			);
		};
/* End PBXProject section */

/* Begin PBXResourcesBuildPhase section */
		1431343D2AD813710021E83A /* Resources */ = {
			isa = PBXResourcesBuildPhase;
			buildActionMask = 2147483647;
			files = (
				143134592AD81DBE0021E83A /* test.tflite in Resources */,
				1431344A2AD813720021E83A /* Preview Assets.xcassets in Resources */,
				143134472AD813720021E83A /* Assets.xcassets in Resources */,
				1431345B2AD81E8B0021E83A /* face_landmark_media.tflite in Resources */,
			);
			runOnlyForDeploymentPostprocessing = 0;
		};
/* End PBXResourcesBuildPhase section */

/* Begin PBXShellScriptBuildPhase section */
		27C8893CA3C5365A9F3EDC95 /* [CP] Check Pods Manifest.lock */ = {
			isa = PBXShellScriptBuildPhase;
			buildActionMask = 2147483647;
			files = (
			);
			inputFileListPaths = (
			);
			inputPaths = (
				"${PODS_PODFILE_DIR_PATH}/Podfile.lock",
				"${PODS_ROOT}/Manifest.lock",
			);
			name = "[CP] Check Pods Manifest.lock";
			outputFileListPaths = (
			);
			outputPaths = (
				"$(DERIVED_FILE_DIR)/Pods-TensorFlow-checkManifestLockResult.txt",
			);
			runOnlyForDeploymentPostprocessing = 0;
			shellPath = /bin/sh;
			shellScript = "diff \"${PODS_PODFILE_DIR_PATH}/Podfile.lock\" \"${PODS_ROOT}/Manifest.lock\" > /dev/null\nif [ $? != 0 ] ; then\n    # print error to STDERR\n    echo \"error: The sandbox is not in sync with the Podfile.lock. Run 'pod install' or update your CocoaPods installation.\" >&2\n    exit 1\nfi\n# This output is used by Xcode 'outputs' to avoid re-running this script phase.\necho \"SUCCESS\" > \"${SCRIPT_OUTPUT_FILE_0}\"\n";
			showEnvVarsInLog = 0;
		};
/* End PBXShellScriptBuildPhase section */

/* Begin PBXSourcesBuildPhase section */
		1431343B2AD813710021E83A /* Sources */ = {
			isa = PBXSourcesBuildPhase;
			buildActionMask = 2147483647;
			files = (
				143134572AD81B030021E83A /* TensorFlowManager.swift in Sources */,
				143134452AD813710021E83A /* ContentView.swift in Sources */,
				143134432AD813710021E83A /* TensorFlowApp.swift in Sources */,
			);
			runOnlyForDeploymentPostprocessing = 0;
		};
/* End PBXSourcesBuildPhase section */

/* Begin XCBuildConfiguration section */
		1431344B2AD813720021E83A /* Debug */ = {
			isa = XCBuildConfiguration;
			buildSettings = {
				ALWAYS_SEARCH_USER_PATHS = NO;
				ASSETCATALOG_COMPILER_GENERATE_SWIFT_ASSET_SYMBOL_EXTENSIONS = YES;
				CLANG_ANALYZER_NONNULL = YES;
				CLANG_ANALYZER_NUMBER_OBJECT_CONVERSION = YES_AGGRESSIVE;
				CLANG_CXX_LANGUAGE_STANDARD = "gnu++20";
				CLANG_ENABLE_MODULES = YES;
				CLANG_ENABLE_OBJC_ARC = YES;
				CLANG_ENABLE_OBJC_WEAK = YES;
				CLANG_WARN_BLOCK_CAPTURE_AUTORELEASING = YES;
				CLANG_WARN_BOOL_CONVERSION = YES;
				CLANG_WARN_COMMA = YES;
				CLANG_WARN_CONSTANT_CONVERSION = YES;
				CLANG_WARN_DEPRECATED_OBJC_IMPLEMENTATIONS = YES;
				CLANG_WARN_DIRECT_OBJC_ISA_USAGE = YES_ERROR;
				CLANG_WARN_DOCUMENTATION_COMMENTS = YES;
				CLANG_WARN_EMPTY_BODY = YES;
				CLANG_WARN_ENUM_CONVERSION = YES;
				CLANG_WARN_INFINITE_RECURSION = YES;
				CLANG_WARN_INT_CONVERSION = YES;
				CLANG_WARN_NON_LITERAL_NULL_CONVERSION = YES;
				CLANG_WARN_OBJC_IMPLICIT_RETAIN_SELF = YES;
				CLANG_WARN_OBJC_LITERAL_CONVERSION = YES;
				CLANG_WARN_OBJC_ROOT_CLASS = YES_ERROR;
				CLANG_WARN_QUOTED_INCLUDE_IN_FRAMEWORK_HEADER = YES;
				CLANG_WARN_RANGE_LOOP_ANALYSIS = YES;
				CLANG_WARN_STRICT_PROTOTYPES = YES;
				CLANG_WARN_SUSPICIOUS_MOVE = YES;
				CLANG_WARN_UNGUARDED_AVAILABILITY = YES_AGGRESSIVE;
				CLANG_WARN_UNREACHABLE_CODE = YES;
				CLANG_WARN__DUPLICATE_METHOD_MATCH = YES;
				COPY_PHASE_STRIP = NO;
				DEBUG_INFORMATION_FORMAT = dwarf;
				ENABLE_STRICT_OBJC_MSGSEND = YES;
				ENABLE_TESTABILITY = YES;
				ENABLE_USER_SCRIPT_SANDBOXING = YES;
				GCC_C_LANGUAGE_STANDARD = gnu17;
				GCC_DYNAMIC_NO_PIC = NO;
				GCC_NO_COMMON_BLOCKS = YES;
				GCC_OPTIMIZATION_LEVEL = 0;
				GCC_PREPROCESSOR_DEFINITIONS = (
					"DEBUG=1",
					"$(inherited)",
				);
				GCC_WARN_64_TO_32_BIT_CONVERSION = YES;
				GCC_WARN_ABOUT_RETURN_TYPE = YES_ERROR;
				GCC_WARN_UNDECLARED_SELECTOR = YES;
				GCC_WARN_UNINITIALIZED_AUTOS = YES_AGGRESSIVE;
				GCC_WARN_UNUSED_FUNCTION = YES;
				GCC_WARN_UNUSED_VARIABLE = YES;
				IPHONEOS_DEPLOYMENT_TARGET = 17.0;
				LOCALIZATION_PREFERS_STRING_CATALOGS = YES;
				MTL_ENABLE_DEBUG_INFO = INCLUDE_SOURCE;
				MTL_FAST_MATH = YES;
				ONLY_ACTIVE_ARCH = YES;
				SDKROOT = iphoneos;
				SWIFT_ACTIVE_COMPILATION_CONDITIONS = "DEBUG $(inherited)";
				SWIFT_OPTIMIZATION_LEVEL = "-Onone";
			};
			name = Debug;
		};
		1431344C2AD813720021E83A /* Release */ = {
			isa = XCBuildConfiguration;
			buildSettings = {
				ALWAYS_SEARCH_USER_PATHS = NO;
				ASSETCATALOG_COMPILER_GENERATE_SWIFT_ASSET_SYMBOL_EXTENSIONS = YES;
				CLANG_ANALYZER_NONNULL = YES;
				CLANG_ANALYZER_NUMBER_OBJECT_CONVERSION = YES_AGGRESSIVE;
				CLANG_CXX_LANGUAGE_STANDARD = "gnu++20";
				CLANG_ENABLE_MODULES = YES;
				CLANG_ENABLE_OBJC_ARC = YES;
				CLANG_ENABLE_OBJC_WEAK = YES;
				CLANG_WARN_BLOCK_CAPTURE_AUTORELEASING = YES;
				CLANG_WARN_BOOL_CONVERSION = YES;
				CLANG_WARN_COMMA = YES;
				CLANG_WARN_CONSTANT_CONVERSION = YES;
				CLANG_WARN_DEPRECATED_OBJC_IMPLEMENTATIONS = YES;
				CLANG_WARN_DIRECT_OBJC_ISA_USAGE = YES_ERROR;
				CLANG_WARN_DOCUMENTATION_COMMENTS = YES;
				CLANG_WARN_EMPTY_BODY = YES;
				CLANG_WARN_ENUM_CONVERSION = YES;
				CLANG_WARN_INFINITE_RECURSION = YES;
				CLANG_WARN_INT_CONVERSION = YES;
				CLANG_WARN_NON_LITERAL_NULL_CONVERSION = YES;
				CLANG_WARN_OBJC_IMPLICIT_RETAIN_SELF = YES;
				CLANG_WARN_OBJC_LITERAL_CONVERSION = YES;
				CLANG_WARN_OBJC_ROOT_CLASS = YES_ERROR;
				CLANG_WARN_QUOTED_INCLUDE_IN_FRAMEWORK_HEADER = YES;
				CLANG_WARN_RANGE_LOOP_ANALYSIS = YES;
				CLANG_WARN_STRICT_PROTOTYPES = YES;
				CLANG_WARN_SUSPICIOUS_MOVE = YES;
				CLANG_WARN_UNGUARDED_AVAILABILITY = YES_AGGRESSIVE;
				CLANG_WARN_UNREACHABLE_CODE = YES;
				CLANG_WARN__DUPLICATE_METHOD_MATCH = YES;
				COPY_PHASE_STRIP = NO;
				DEBUG_INFORMATION_FORMAT = "dwarf-with-dsym";
				ENABLE_NS_ASSERTIONS = NO;
				ENABLE_STRICT_OBJC_MSGSEND = YES;
				ENABLE_USER_SCRIPT_SANDBOXING = YES;
				GCC_C_LANGUAGE_STANDARD = gnu17;
				GCC_NO_COMMON_BLOCKS = YES;
				GCC_WARN_64_TO_32_BIT_CONVERSION = YES;
				GCC_WARN_ABOUT_RETURN_TYPE = YES_ERROR;
				GCC_WARN_UNDECLARED_SELECTOR = YES;
				GCC_WARN_UNINITIALIZED_AUTOS = YES_AGGRESSIVE;
				GCC_WARN_UNUSED_FUNCTION = YES;
				GCC_WARN_UNUSED_VARIABLE = YES;
				IPHONEOS_DEPLOYMENT_TARGET = 17.0;
				LOCALIZATION_PREFERS_STRING_CATALOGS = YES;
				MTL_ENABLE_DEBUG_INFO = NO;
				MTL_FAST_MATH = YES;
				SDKROOT = iphoneos;
				SWIFT_COMPILATION_MODE = wholemodule;
				VALIDATE_PRODUCT = YES;
			};
			name = Release;
		};
		1431344E2AD813720021E83A /* Debug */ = {
			isa = XCBuildConfiguration;
			baseConfigurationReference = 5770CAA35454DE1365C2B070 /* Pods-TensorFlow.debug.xcconfig */;
			buildSettings = {
				ASSETCATALOG_COMPILER_APPICON_NAME = AppIcon;
				ASSETCATALOG_COMPILER_GLOBAL_ACCENT_COLOR_NAME = AccentColor;
				CODE_SIGN_STYLE = Automatic;
				CURRENT_PROJECT_VERSION = 1;
				DEVELOPMENT_ASSET_PATHS = "\"TensorFlow/Preview Content\"";
				DEVELOPMENT_TEAM = 2G4SF4ARQP;
				ENABLE_PREVIEWS = YES;
				GENERATE_INFOPLIST_FILE = YES;
				INFOPLIST_KEY_UIApplicationSceneManifest_Generation = YES;
				INFOPLIST_KEY_UIApplicationSupportsIndirectInputEvents = YES;
				INFOPLIST_KEY_UILaunchScreen_Generation = YES;
				INFOPLIST_KEY_UISupportedInterfaceOrientations_iPad = "UIInterfaceOrientationPortrait UIInterfaceOrientationPortraitUpsideDown UIInterfaceOrientationLandscapeLeft UIInterfaceOrientationLandscapeRight";
				INFOPLIST_KEY_UISupportedInterfaceOrientations_iPhone = "UIInterfaceOrientationPortrait UIInterfaceOrientationLandscapeLeft UIInterfaceOrientationLandscapeRight";
				IPHONEOS_DEPLOYMENT_TARGET = 15.0;
				LD_RUNPATH_SEARCH_PATHS = (
					"$(inherited)",
					"@executable_path/Frameworks",
				);
				MARKETING_VERSION = 1.0;
				PRODUCT_BUNDLE_IDENTIFIER = com.biligoba.TensorFlow;
				PRODUCT_NAME = "$(TARGET_NAME)";
				SWIFT_EMIT_LOC_STRINGS = YES;
				SWIFT_VERSION = 5.0;
				TARGETED_DEVICE_FAMILY = "1,2";
			};
			name = Debug;
		};
		1431344F2AD813720021E83A /* Release */ = {
			isa = XCBuildConfiguration;
			baseConfigurationReference = 11259898EA505BAF9FDB4AD9 /* Pods-TensorFlow.release.xcconfig */;
			buildSettings = {
				ASSETCATALOG_COMPILER_APPICON_NAME = AppIcon;
				ASSETCATALOG_COMPILER_GLOBAL_ACCENT_COLOR_NAME = AccentColor;
				CODE_SIGN_STYLE = Automatic;
				CURRENT_PROJECT_VERSION = 1;
				DEVELOPMENT_ASSET_PATHS = "\"TensorFlow/Preview Content\"";
				DEVELOPMENT_TEAM = 2G4SF4ARQP;
				ENABLE_PREVIEWS = YES;
				GENERATE_INFOPLIST_FILE = YES;
				INFOPLIST_KEY_UIApplicationSceneManifest_Generation = YES;
				INFOPLIST_KEY_UIApplicationSupportsIndirectInputEvents = YES;
				INFOPLIST_KEY_UILaunchScreen_Generation = YES;
				INFOPLIST_KEY_UISupportedInterfaceOrientations_iPad = "UIInterfaceOrientationPortrait UIInterfaceOrientationPortraitUpsideDown UIInterfaceOrientationLandscapeLeft UIInterfaceOrientationLandscapeRight";
				INFOPLIST_KEY_UISupportedInterfaceOrientations_iPhone = "UIInterfaceOrientationPortrait UIInterfaceOrientationLandscapeLeft UIInterfaceOrientationLandscapeRight";
				IPHONEOS_DEPLOYMENT_TARGET = 15.0;
				LD_RUNPATH_SEARCH_PATHS = (
					"$(inherited)",
					"@executable_path/Frameworks",
				);
				MARKETING_VERSION = 1.0;
				PRODUCT_BUNDLE_IDENTIFIER = com.biligoba.TensorFlow;
				PRODUCT_NAME = "$(TARGET_NAME)";
				SWIFT_EMIT_LOC_STRINGS = YES;
				SWIFT_VERSION = 5.0;
				TARGETED_DEVICE_FAMILY = "1,2";
			};
			name = Release;
		};
/* End XCBuildConfiguration section */

/* Begin XCConfigurationList section */
		1431343A2AD813710021E83A /* Build configuration list for PBXProject "TensorFlow" */ = {
			isa = XCConfigurationList;
			buildConfigurations = (
				1431344B2AD813720021E83A /* Debug */,
				1431344C2AD813720021E83A /* Release */,
			);
			defaultConfigurationIsVisible = 0;
			defaultConfigurationName = Release;
		};
		1431344D2AD813720021E83A /* Build configuration list for PBXNativeTarget "TensorFlow" */ = {
			isa = XCConfigurationList;
			buildConfigurations = (
				1431344E2AD813720021E83A /* Debug */,
				1431344F2AD813720021E83A /* Release */,
			);
			defaultConfigurationIsVisible = 0;
			defaultConfigurationName = Release;
		};
/* End XCConfigurationList section */
	};
	rootObject = 143134372AD813710021E83A /* Project object */;
}
